// !$*UTF8*$!
{
	archiveVersion = 1;
	classes = {
	};
	objectVersion = 77;
	objects = {

/* Begin PBXBuildFile section */
		2B2617FB2F30049800A302F8 /* APITypes.swift in Sources */ = {isa = PBXBuildFile; fileRef = 2B2617FA2F30049800A302F8 /* APITypes.swift */; };
		2B2617FF2F3004A000A302F8 /* HTTP.swift in Sources */ = {isa = PBXBuildFile; fileRef = 2B2617FD2F3004A000A302F8 /* HTTP.swift */; };
		2B2618002F3004A000A302F8 /* FavorClient.swift in Sources */ = {isa = PBXBuildFile; fileRef = 2B2617FC2F3004A000A302F8 /* FavorClient.swift */; };
		2B2618012F3004A000A302F8 /* JWT.swift in Sources */ = {isa = PBXBuildFile; fileRef = 2B2617FE2F3004A000A302F8 /* JWT.swift */; };
		2B2618032F3004B400A302F8 /* Array+.swift in Sources */ = {isa = PBXBuildFile; fileRef = 2B2618022F3004B400A302F8 /* Array+.swift */; };
		2B2618052F3004BF00A302F8 /* RequestLog.swift in Sources */ = {isa = PBXBuildFile; fileRef = 2B2618042F3004BF00A302F8 /* RequestLog.swift */; };
		2B26180B2F3011BA00A302F8 /* Kingfisher in Frameworks */ = {isa = PBXBuildFile; productRef = 2B26180A2F3011BA00A302F8 /* Kingfisher */; };
		2B26183D2F301B8200A302F8 /* CategoryView.swift in Sources */ = {isa = PBXBuildFile; fileRef = 2B26183C2F301B8200A302F8 /* CategoryView.swift */; };
		2B26183F2F301B9D00A302F8 /* RootTabView.swift in Sources */ = {isa = PBXBuildFile; fileRef = 2B26183E2F301B9D00A302F8 /* RootTabView.swift */; };
		2B2618412F301BAF00A302F8 /* CategoriesView.swift in Sources */ = {isa = PBXBuildFile; fileRef = 2B2618402F301BAF00A302F8 /* CategoriesView.swift */; };
		2B2618432F301BCB00A302F8 /* FeedView.swift in Sources */ = {isa = PBXBuildFile; fileRef = 2B2618422F301BCB00A302F8 /* FeedView.swift */; };
		2B2618452F301BD500A302F8 /* FavoriteMerchantsView.swift in Sources */ = {isa = PBXBuildFile; fileRef = 2B2618442F301BD500A302F8 /* FavoriteMerchantsView.swift */; };
		2B2618472F301BE100A302F8 /* DeveloperView.swift in Sources */ = {isa = PBXBuildFile; fileRef = 2B2618462F301BE100A302F8 /* DeveloperView.swift */; };
		2B2618492F301BF300A302F8 /* MenuView.swift in Sources */ = {isa = PBXBuildFile; fileRef = 2B2618482F301BF300A302F8 /* MenuView.swift */; };
		2B26184B2F301BFA00A302F8 /* RequestLogView.swift in Sources */ = {isa = PBXBuildFile; fileRef = 2B26184A2F301BFA00A302F8 /* RequestLogView.swift */; };
		2B26184D2F301C0C00A302F8 /* FavoriteMerchantsStore.swift in Sources */ = {isa = PBXBuildFile; fileRef = 2B26184C2F301C0C00A302F8 /* FavoriteMerchantsStore.swift */; };
		2B26184F2F301C3400A302F8 /* Color+.swift in Sources */ = {isa = PBXBuildFile; fileRef = 2B26184E2F301C3400A302F8 /* Color+.swift */; };
/* End PBXBuildFile section */

/* Begin PBXContainerItemProxy section */
		2BCAB2B92F2FE81C00F3804C /* PBXContainerItemProxy */ = {
			isa = PBXContainerItemProxy;
			containerPortal = 2BCAB29A2F2FE81900F3804C /* Project object */;
			proxyType = 1;
			remoteGlobalIDString = 2BCAB2A12F2FE81900F3804C;
			remoteInfo = FavorUIKit;
		};
		2BCAB2C32F2FE81C00F3804C /* PBXContainerItemProxy */ = {
			isa = PBXContainerItemProxy;
			containerPortal = 2BCAB29A2F2FE81900F3804C /* Project object */;
			proxyType = 1;
			remoteGlobalIDString = 2BCAB2A12F2FE81900F3804C;
			remoteInfo = FavorUIKit;
		};
/* End PBXContainerItemProxy section */

/* Begin PBXFileReference section */
		2B2617FA2F30049800A302F8 /* APITypes.swift */ = {isa = PBXFileReference; lastKnownFileType = sourcecode.swift; name = APITypes.swift; path = ../FavorSwiftUI/MyFavor/API/APITypes.swift; sourceTree = SOURCE_ROOT; };
		2B2617FC2F3004A000A302F8 /* FavorClient.swift */ = {isa = PBXFileReference; lastKnownFileType = sourcecode.swift; name = FavorClient.swift; path = ../FavorSwiftUI/MyFavor/API/FavorClient.swift; sourceTree = SOURCE_ROOT; };
		2B2617FD2F3004A000A302F8 /* HTTP.swift */ = {isa = PBXFileReference; lastKnownFileType = sourcecode.swift; name = HTTP.swift; path = ../FavorSwiftUI/MyFavor/API/HTTP.swift; sourceTree = SOURCE_ROOT; };
		2B2617FE2F3004A000A302F8 /* JWT.swift */ = {isa = PBXFileReference; lastKnownFileType = sourcecode.swift; name = JWT.swift; path = ../FavorSwiftUI/MyFavor/API/JWT.swift; sourceTree = SOURCE_ROOT; };
		2B2618022F3004B400A302F8 /* Array+.swift */ = {isa = PBXFileReference; lastKnownFileType = sourcecode.swift; name = "Array+.swift"; path = "../FavorSwiftUI/MyFavor/Extensions/Array+.swift"; sourceTree = SOURCE_ROOT; };
		2B2618042F3004BF00A302F8 /* RequestLog.swift */ = {isa = PBXFileReference; lastKnownFileType = sourcecode.swift; name = RequestLog.swift; path = "../FavorSwiftUI/MyFavor/Local State/RequestLog.swift"; sourceTree = SOURCE_ROOT; };
		2B26183C2F301B8200A302F8 /* CategoryView.swift */ = {isa = PBXFileReference; lastKnownFileType = sourcecode.swift; name = CategoryView.swift; path = ../FavorSwiftUI/MyFavor/Views/CategoryView.swift; sourceTree = SOURCE_ROOT; };
		2B26183E2F301B9D00A302F8 /* RootTabView.swift */ = {isa = PBXFileReference; lastKnownFileType = sourcecode.swift; name = RootTabView.swift; path = ../FavorSwiftUI/MyFavor/Views/RootTabView.swift; sourceTree = SOURCE_ROOT; };
		2B2618402F301BAF00A302F8 /* CategoriesView.swift */ = {isa = PBXFileReference; lastKnownFileType = sourcecode.swift; name = CategoriesView.swift; path = ../FavorSwiftUI/MyFavor/Views/CategoriesView.swift; sourceTree = SOURCE_ROOT; };
		2B2618422F301BCB00A302F8 /* FeedView.swift */ = {isa = PBXFileReference; lastKnownFileType = sourcecode.swift; name = FeedView.swift; path = ../FavorSwiftUI/MyFavor/Views/FeedView.swift; sourceTree = SOURCE_ROOT; };
		2B2618442F301BD500A302F8 /* FavoriteMerchantsView.swift */ = {isa = PBXFileReference; lastKnownFileType = sourcecode.swift; name = FavoriteMerchantsView.swift; path = ../FavorSwiftUI/MyFavor/Views/FavoriteMerchantsView.swift; sourceTree = SOURCE_ROOT; };
		2B2618462F301BE100A302F8 /* DeveloperView.swift */ = {isa = PBXFileReference; lastKnownFileType = sourcecode.swift; name = DeveloperView.swift; path = ../FavorSwiftUI/MyFavor/Views/DeveloperView.swift; sourceTree = SOURCE_ROOT; };
		2B2618482F301BF300A302F8 /* MenuView.swift */ = {isa = PBXFileReference; lastKnownFileType = sourcecode.swift; name = MenuView.swift; path = ../FavorSwiftUI/MyFavor/Views/MenuView.swift; sourceTree = SOURCE_ROOT; };
		2B26184A2F301BFA00A302F8 /* RequestLogView.swift */ = {isa = PBXFileReference; lastKnownFileType = sourcecode.swift; name = RequestLogView.swift; path = ../FavorSwiftUI/MyFavor/Views/RequestLogView.swift; sourceTree = SOURCE_ROOT; };
		2B26184C2F301C0C00A302F8 /* FavoriteMerchantsStore.swift */ = {isa = PBXFileReference; lastKnownFileType = sourcecode.swift; name = FavoriteMerchantsStore.swift; path = "../FavorSwiftUI/MyFavor/Local State/FavoriteMerchantsStore.swift"; sourceTree = SOURCE_ROOT; };
		2B26184E2F301C3400A302F8 /* Color+.swift */ = {isa = PBXFileReference; lastKnownFileType = sourcecode.swift; name = "Color+.swift"; path = "../FavorSwiftUI/MyFavor/Extensions/Color+.swift"; sourceTree = SOURCE_ROOT; };
		2BCAB2A22F2FE81900F3804C /* FavorUIKit.app */ = {isa = PBXFileReference; explicitFileType = wrapper.application; includeInIndex = 0; path = FavorUIKit.app; sourceTree = BUILT_PRODUCTS_DIR; };
		2BCAB2B82F2FE81C00F3804C /* FavorUIKitTests.xctest */ = {isa = PBXFileReference; explicitFileType = wrapper.cfbundle; includeInIndex = 0; path = FavorUIKitTests.xctest; sourceTree = BUILT_PRODUCTS_DIR; };
		2BCAB2C22F2FE81C00F3804C /* FavorUIKitUITests.xctest */ = {isa = PBXFileReference; explicitFileType = wrapper.cfbundle; includeInIndex = 0; path = FavorUIKitUITests.xctest; sourceTree = BUILT_PRODUCTS_DIR; };
/* End PBXFileReference section */

/* Begin PBXFileSystemSynchronizedBuildFileExceptionSet section */
		2BCAB2CA2F2FE81C00F3804C /* Exceptions for "FavorUIKit" folder in "FavorUIKit" target */ = {
			isa = PBXFileSystemSynchronizedBuildFileExceptionSet;
			membershipExceptions = (
				Info.plist,
			);
			target = 2BCAB2A12F2FE81900F3804C /* FavorUIKit */;
		};
/* End PBXFileSystemSynchronizedBuildFileExceptionSet section */

/* Begin PBXFileSystemSynchronizedRootGroup section */
		2BCAB2A42F2FE81900F3804C /* FavorUIKit */ = {
			isa = PBXFileSystemSynchronizedRootGroup;
			exceptions = (
				2BCAB2CA2F2FE81C00F3804C /* Exceptions for "FavorUIKit" folder in "FavorUIKit" target */,
			);
			path = FavorUIKit;
			sourceTree = "<group>";
		};
		2BCAB2BB2F2FE81C00F3804C /* FavorUIKitTests */ = {
			isa = PBXFileSystemSynchronizedRootGroup;
			path = FavorUIKitTests;
			sourceTree = "<group>";
		};
		2BCAB2C52F2FE81C00F3804C /* FavorUIKitUITests */ = {
			isa = PBXFileSystemSynchronizedRootGroup;
			path = FavorUIKitUITests;
			sourceTree = "<group>";
		};
/* End PBXFileSystemSynchronizedRootGroup section */

/* Begin PBXFrameworksBuildPhase section */
		2BCAB29F2F2FE81900F3804C /* Frameworks */ = {
			isa = PBXFrameworksBuildPhase;
			buildActionMask = 2147483647;
			files = (
				2B26180B2F3011BA00A302F8 /* Kingfisher in Frameworks */,
			);
			runOnlyForDeploymentPostprocessing = 0;
		};
		2BCAB2B52F2FE81C00F3804C /* Frameworks */ = {
			isa = PBXFrameworksBuildPhase;
			buildActionMask = 2147483647;
			files = (
			);
			runOnlyForDeploymentPostprocessing = 0;
		};
		2BCAB2BF2F2FE81C00F3804C /* Frameworks */ = {
			isa = PBXFrameworksBuildPhase;
			buildActionMask = 2147483647;
			files = (
			);
			runOnlyForDeploymentPostprocessing = 0;
		};
/* End PBXFrameworksBuildPhase section */

/* Begin PBXGroup section */
		2B2617F92F30048300A302F8 /* Imported */ = {
			isa = PBXGroup;
			children = (
				2B2617FA2F30049800A302F8 /* APITypes.swift */,
				2B2618022F3004B400A302F8 /* Array+.swift */,
				2B2618402F301BAF00A302F8 /* CategoriesView.swift */,
				2B26183C2F301B8200A302F8 /* CategoryView.swift */,
				2B26184E2F301C3400A302F8 /* Color+.swift */,
				2B2618462F301BE100A302F8 /* DeveloperView.swift */,
				2B2617FC2F3004A000A302F8 /* FavorClient.swift */,
				2B26184C2F301C0C00A302F8 /* FavoriteMerchantsStore.swift */,
				2B2618442F301BD500A302F8 /* FavoriteMerchantsView.swift */,
				2B2618422F301BCB00A302F8 /* FeedView.swift */,
				2B2617FD2F3004A000A302F8 /* HTTP.swift */,
				2B2617FE2F3004A000A302F8 /* JWT.swift */,
				2B2618482F301BF300A302F8 /* MenuView.swift */,
				2B2618042F3004BF00A302F8 /* RequestLog.swift */,
				2B26184A2F301BFA00A302F8 /* RequestLogView.swift */,
				2B26183E2F301B9D00A302F8 /* RootTabView.swift */,
			);
			path = Imported;
			sourceTree = "<group>";
		};
		2B2618092F3011BA00A302F8 /* Frameworks */ = {
			isa = PBXGroup;
			children = (
			);
			name = Frameworks;
			sourceTree = "<group>";
		};
		2BCAB2992F2FE81900F3804C = {
			isa = PBXGroup;
			children = (
				2B2617F92F30048300A302F8 /* Imported */,
				2BCAB2BB2F2FE81C00F3804C /* FavorUIKitTests */,
				2BCAB2C52F2FE81C00F3804C /* FavorUIKitUITests */,
				2BCAB2A32F2FE81900F3804C /* Products */,
				2BCAB2A42F2FE81900F3804C /* FavorUIKit */,
				2B2618092F3011BA00A302F8 /* Frameworks */,
			);
			sourceTree = "<group>";
		};
		2BCAB2A32F2FE81900F3804C /* Products */ = {
			isa = PBXGroup;
			children = (
				2BCAB2A22F2FE81900F3804C /* FavorUIKit.app */,
				2BCAB2B82F2FE81C00F3804C /* FavorUIKitTests.xctest */,
				2BCAB2C22F2FE81C00F3804C /* FavorUIKitUITests.xctest */,
			);
			name = Products;
			sourceTree = "<group>";
		};
/* End PBXGroup section */

/* Begin PBXNativeTarget section */
		2BCAB2A12F2FE81900F3804C /* FavorUIKit */ = {
			isa = PBXNativeTarget;
			buildConfigurationList = 2BCAB2CB2F2FE81C00F3804C /* Build configuration list for PBXNativeTarget "FavorUIKit" */;
			buildPhases = (
				2BCAB29E2F2FE81900F3804C /* Sources */,
				2BCAB29F2F2FE81900F3804C /* Frameworks */,
				2BCAB2A02F2FE81900F3804C /* Resources */,
			);
			buildRules = (
			);
			dependencies = (
			);
			fileSystemSynchronizedGroups = (
				2BCAB2A42F2FE81900F3804C /* FavorUIKit */,
			);
			name = FavorUIKit;
			packageProductDependencies = (
				2B26180A2F3011BA00A302F8 /* Kingfisher */,
			);
			productName = FavorUIKit;
			productReference = 2BCAB2A22F2FE81900F3804C /* FavorUIKit.app */;
			productType = "com.apple.product-type.application";
		};
		2BCAB2B72F2FE81C00F3804C /* FavorUIKitTests */ = {
			isa = PBXNativeTarget;
			buildConfigurationList = 2BCAB2D02F2FE81C00F3804C /* Build configuration list for PBXNativeTarget "FavorUIKitTests" */;
			buildPhases = (
				2BCAB2B42F2FE81C00F3804C /* Sources */,
				2BCAB2B52F2FE81C00F3804C /* Frameworks */,
				2BCAB2B62F2FE81C00F3804C /* Resources */,
			);
			buildRules = (
			);
			dependencies = (
				2BCAB2BA2F2FE81C00F3804C /* PBXTargetDependency */,
			);
			fileSystemSynchronizedGroups = (
				2BCAB2BB2F2FE81C00F3804C /* FavorUIKitTests */,
			);
			name = FavorUIKitTests;
			packageProductDependencies = (
			);
			productName = FavorUIKitTests;
			productReference = 2BCAB2B82F2FE81C00F3804C /* FavorUIKitTests.xctest */;
			productType = "com.apple.product-type.bundle.unit-test";
		};
		2BCAB2C12F2FE81C00F3804C /* FavorUIKitUITests */ = {
			isa = PBXNativeTarget;
			buildConfigurationList = 2BCAB2D32F2FE81C00F3804C /* Build configuration list for PBXNativeTarget "FavorUIKitUITests" */;
			buildPhases = (
				2BCAB2BE2F2FE81C00F3804C /* Sources */,
				2BCAB2BF2F2FE81C00F3804C /* Frameworks */,
				2BCAB2C02F2FE81C00F3804C /* Resources */,
			);
			buildRules = (
			);
			dependencies = (
				2BCAB2C42F2FE81C00F3804C /* PBXTargetDependency */,
			);
			fileSystemSynchronizedGroups = (
				2BCAB2C52F2FE81C00F3804C /* FavorUIKitUITests */,
			);
			name = FavorUIKitUITests;
			packageProductDependencies = (
			);
			productName = FavorUIKitUITests;
			productReference = 2BCAB2C22F2FE81C00F3804C /* FavorUIKitUITests.xctest */;
			productType = "com.apple.product-type.bundle.ui-testing";
		};
/* End PBXNativeTarget section */

/* Begin PBXProject section */
		2BCAB29A2F2FE81900F3804C /* Project object */ = {
			isa = PBXProject;
			attributes = {
				BuildIndependentTargetsInParallel = 1;
				LastSwiftUpdateCheck = 2620;
				LastUpgradeCheck = 2620;
				TargetAttributes = {
					2BCAB2A12F2FE81900F3804C = {
						CreatedOnToolsVersion = 26.2;
					};
					2BCAB2B72F2FE81C00F3804C = {
						CreatedOnToolsVersion = 26.2;
						TestTargetID = 2BCAB2A12F2FE81900F3804C;
					};
					2BCAB2C12F2FE81C00F3804C = {
						CreatedOnToolsVersion = 26.2;
						TestTargetID = 2BCAB2A12F2FE81900F3804C;
					};
				};
			};
			buildConfigurationList = 2BCAB29D2F2FE81900F3804C /* Build configuration list for PBXProject "FavorUIKit" */;
			developmentRegion = en;
			hasScannedForEncodings = 0;
			knownRegions = (
				en,
				Base,
			);
			mainGroup = 2BCAB2992F2FE81900F3804C;
			minimizedProjectReferenceProxies = 1;
			packageReferences = (
				2B2618082F3011AC00A302F8 /* XCRemoteSwiftPackageReference "Kingfisher" */,
			);
			preferredProjectObjectVersion = 77;
			productRefGroup = 2BCAB2A32F2FE81900F3804C /* Products */;
			projectDirPath = "";
			projectRoot = "";
			targets = (
				2BCAB2A12F2FE81900F3804C /* FavorUIKit */,
				2BCAB2B72F2FE81C00F3804C /* FavorUIKitTests */,
				2BCAB2C12F2FE81C00F3804C /* FavorUIKitUITests */,
			);
		};
/* End PBXProject section */

/* Begin PBXResourcesBuildPhase section */
		2BCAB2A02F2FE81900F3804C /* Resources */ = {
			isa = PBXResourcesBuildPhase;
			buildActionMask = 2147483647;
			files = (
			);
			runOnlyForDeploymentPostprocessing = 0;
		};
		2BCAB2B62F2FE81C00F3804C /* Resources */ = {
			isa = PBXResourcesBuildPhase;
			buildActionMask = 2147483647;
			files = (
			);
			runOnlyForDeploymentPostprocessing = 0;
		};
		2BCAB2C02F2FE81C00F3804C /* Resources */ = {
			isa = PBXResourcesBuildPhase;
			buildActionMask = 2147483647;
			files = (
			);
			runOnlyForDeploymentPostprocessing = 0;
		};
/* End PBXResourcesBuildPhase section */

/* Begin PBXSourcesBuildPhase section */
		2BCAB29E2F2FE81900F3804C /* Sources */ = {
			isa = PBXSourcesBuildPhase;
			buildActionMask = 2147483647;
			files = (
				2B2618452F301BD500A302F8 /* FavoriteMerchantsView.swift in Sources */,
				2B26184F2F301C3400A302F8 /* Color+.swift in Sources */,
				2B2617FB2F30049800A302F8 /* APITypes.swift in Sources */,
				2B2618032F3004B400A302F8 /* Array+.swift in Sources */,
				2B26184D2F301C0C00A302F8 /* FavoriteMerchantsStore.swift in Sources */,
				2B2617FF2F3004A000A302F8 /* HTTP.swift in Sources */,
				2B2618052F3004BF00A302F8 /* RequestLog.swift in Sources */,
				2B26184B2F301BFA00A302F8 /* RequestLogView.swift in Sources */,
				2B2618472F301BE100A302F8 /* DeveloperView.swift in Sources */,
				2B2618432F301BCB00A302F8 /* FeedView.swift in Sources */,
				2B2618002F3004A000A302F8 /* FavorClient.swift in Sources */,
				2B2618012F3004A000A302F8 /* JWT.swift in Sources */,
				2B26183F2F301B9D00A302F8 /* RootTabView.swift in Sources */,
				2B2618492F301BF300A302F8 /* MenuView.swift in Sources */,
				2B2618412F301BAF00A302F8 /* CategoriesView.swift in Sources */,
				2B26183D2F301B8200A302F8 /* CategoryView.swift in Sources */,
			);
			runOnlyForDeploymentPostprocessing = 0;
		};
		2BCAB2B42F2FE81C00F3804C /* Sources */ = {
			isa = PBXSourcesBuildPhase;
			buildActionMask = 2147483647;
			files = (
			);
			runOnlyForDeploymentPostprocessing = 0;
		};
		2BCAB2BE2F2FE81C00F3804C /* Sources */ = {
			isa = PBXSourcesBuildPhase;
			buildActionMask = 2147483647;
			files = (
			);
			runOnlyForDeploymentPostprocessing = 0;
		};
/* End PBXSourcesBuildPhase section */

/* Begin PBXTargetDependency section */
		2BCAB2BA2F2FE81C00F3804C /* PBXTargetDependency */ = {
			isa = PBXTargetDependency;
			target = 2BCAB2A12F2FE81900F3804C /* FavorUIKit */;
			targetProxy = 2BCAB2B92F2FE81C00F3804C /* PBXContainerItemProxy */;
		};
		2BCAB2C42F2FE81C00F3804C /* PBXTargetDependency */ = {
			isa = PBXTargetDependency;
			target = 2BCAB2A12F2FE81900F3804C /* FavorUIKit */;
			targetProxy = 2BCAB2C32F2FE81C00F3804C /* PBXContainerItemProxy */;
		};
/* End PBXTargetDependency section */

/* Begin XCBuildConfiguration section */
		2BCAB2CC2F2FE81C00F3804C /* Debug */ = {
			isa = XCBuildConfiguration;
			buildSettings = {
				ASSETCATALOG_COMPILER_APPICON_NAME = AppIcon;
				ASSETCATALOG_COMPILER_GLOBAL_ACCENT_COLOR_NAME = AccentColor;
				CODE_SIGN_STYLE = Automatic;
				CURRENT_PROJECT_VERSION = 1;
				DEVELOPMENT_TEAM = CPE62329FB;
				GENERATE_INFOPLIST_FILE = YES;
				INFOPLIST_FILE = FavorUIKit/Info.plist;
				INFOPLIST_KEY_UIApplicationSupportsIndirectInputEvents = YES;
				INFOPLIST_KEY_UILaunchStoryboardName = LaunchScreen;
				INFOPLIST_KEY_UISupportedInterfaceOrientations_iPad = "UIInterfaceOrientationPortrait UIInterfaceOrientationPortraitUpsideDown UIInterfaceOrientationLandscapeLeft UIInterfaceOrientationLandscapeRight";
				INFOPLIST_KEY_UISupportedInterfaceOrientations_iPhone = "UIInterfaceOrientationPortrait UIInterfaceOrientationLandscapeLeft UIInterfaceOrientationLandscapeRight";
				LD_RUNPATH_SEARCH_PATHS = (
					"$(inherited)",
					"@executable_path/Frameworks",
				);
				MARKETING_VERSION = 1.0;
				PRODUCT_BUNDLE_IDENTIFIER = com.pepaslabs.FavorUIKit;
				PRODUCT_NAME = "$(TARGET_NAME)";
				STRING_CATALOG_GENERATE_SYMBOLS = YES;
				SWIFT_APPROACHABLE_CONCURRENCY = YES;
				SWIFT_DEFAULT_ACTOR_ISOLATION = MainActor;
				SWIFT_EMIT_LOC_STRINGS = YES;
				SWIFT_UPCOMING_FEATURE_MEMBER_IMPORT_VISIBILITY = YES;
				SWIFT_VERSION = 6.0;
				TARGETED_DEVICE_FAMILY = "1,2";
			};
			name = Debug;
		};
		2BCAB2CD2F2FE81C00F3804C /* Release */ = {
			isa = XCBuildConfiguration;
			buildSettings = {
				ASSETCATALOG_COMPILER_APPICON_NAME = AppIcon;
				ASSETCATALOG_COMPILER_GLOBAL_ACCENT_COLOR_NAME = AccentColor;
				CODE_SIGN_STYLE = Automatic;
				CURRENT_PROJECT_VERSION = 1;
				DEVELOPMENT_TEAM = CPE62329FB;
				GENERATE_INFOPLIST_FILE = YES;
				INFOPLIST_FILE = FavorUIKit/Info.plist;
				INFOPLIST_KEY_UIApplicationSupportsIndirectInputEvents = YES;
				INFOPLIST_KEY_UILaunchStoryboardName = LaunchScreen;
				INFOPLIST_KEY_UISupportedInterfaceOrientations_iPad = "UIInterfaceOrientationPortrait UIInterfaceOrientationPortraitUpsideDown UIInterfaceOrientationLandscapeLeft UIInterfaceOrientationLandscapeRight";
				INFOPLIST_KEY_UISupportedInterfaceOrientations_iPhone = "UIInterfaceOrientationPortrait UIInterfaceOrientationLandscapeLeft UIInterfaceOrientationLandscapeRight";
				LD_RUNPATH_SEARCH_PATHS = (
					"$(inherited)",
					"@executable_path/Frameworks",
				);
				MARKETING_VERSION = 1.0;
				PRODUCT_BUNDLE_IDENTIFIER = com.pepaslabs.FavorUIKit;
				PRODUCT_NAME = "$(TARGET_NAME)";
				STRING_CATALOG_GENERATE_SYMBOLS = YES;
				SWIFT_APPROACHABLE_CONCURRENCY = YES;
				SWIFT_DEFAULT_ACTOR_ISOLATION = MainActor;
				SWIFT_EMIT_LOC_STRINGS = YES;
				SWIFT_UPCOMING_FEATURE_MEMBER_IMPORT_VISIBILITY = YES;
				SWIFT_VERSION = 6.0;
				TARGETED_DEVICE_FAMILY = "1,2";
			};
			name = Release;
		};
		2BCAB2CE2F2FE81C00F3804C /* Debug */ = {
			isa = XCBuildConfiguration;
			buildSettings = {
				ALWAYS_SEARCH_USER_PATHS = NO;
				ASSETCATALOG_COMPILER_GENERATE_SWIFT_ASSET_SYMBOL_EXTENSIONS = YES;
				CLANG_ANALYZER_NONNULL = YES;
				CLANG_ANALYZER_NUMBER_OBJECT_CONVERSION = YES_AGGRESSIVE;
				CLANG_CXX_LANGUAGE_STANDARD = "gnu++20";
				CLANG_ENABLE_MODULES = YES;
				CLANG_ENABLE_OBJC_ARC = YES;
				CLANG_ENABLE_OBJC_WEAK = YES;
				CLANG_WARN_BLOCK_CAPTURE_AUTORELEASING = YES;
				CLANG_WARN_BOOL_CONVERSION = YES;
				CLANG_WARN_COMMA = YES;
				CLANG_WARN_CONSTANT_CONVERSION = YES;
				CLANG_WARN_DEPRECATED_OBJC_IMPLEMENTATIONS = YES;
				CLANG_WARN_DIRECT_OBJC_ISA_USAGE = YES_ERROR;
				CLANG_WARN_DOCUMENTATION_COMMENTS = YES;
				CLANG_WARN_EMPTY_BODY = YES;
				CLANG_WARN_ENUM_CONVERSION = YES;
				CLANG_WARN_INFINITE_RECURSION = YES;
				CLANG_WARN_INT_CONVERSION = YES;
				CLANG_WARN_NON_LITERAL_NULL_CONVERSION = YES;
				CLANG_WARN_OBJC_IMPLICIT_RETAIN_SELF = YES;
				CLANG_WARN_OBJC_LITERAL_CONVERSION = YES;
				CLANG_WARN_OBJC_ROOT_CLASS = YES_ERROR;
				CLANG_WARN_QUOTED_INCLUDE_IN_FRAMEWORK_HEADER = YES;
				CLANG_WARN_RANGE_LOOP_ANALYSIS = YES;
				CLANG_WARN_STRICT_PROTOTYPES = YES;
				CLANG_WARN_SUSPICIOUS_MOVE = YES;
				CLANG_WARN_UNGUARDED_AVAILABILITY = YES_AGGRESSIVE;
				CLANG_WARN_UNREACHABLE_CODE = YES;
				CLANG_WARN__DUPLICATE_METHOD_MATCH = YES;
				COPY_PHASE_STRIP = NO;
				DEBUG_INFORMATION_FORMAT = dwarf;
				DEVELOPMENT_TEAM = CPE62329FB;
				ENABLE_STRICT_OBJC_MSGSEND = YES;
				ENABLE_TESTABILITY = YES;
				ENABLE_USER_SCRIPT_SANDBOXING = YES;
				GCC_C_LANGUAGE_STANDARD = gnu17;
				GCC_DYNAMIC_NO_PIC = NO;
				GCC_NO_COMMON_BLOCKS = YES;
				GCC_OPTIMIZATION_LEVEL = 0;
				GCC_PREPROCESSOR_DEFINITIONS = (
					"DEBUG=1",
					"$(inherited)",
				);
				GCC_WARN_64_TO_32_BIT_CONVERSION = YES;
				GCC_WARN_ABOUT_RETURN_TYPE = YES_ERROR;
				GCC_WARN_UNDECLARED_SELECTOR = YES;
				GCC_WARN_UNINITIALIZED_AUTOS = YES_AGGRESSIVE;
				GCC_WARN_UNUSED_FUNCTION = YES;
				GCC_WARN_UNUSED_VARIABLE = YES;
				IPHONEOS_DEPLOYMENT_TARGET = 26.2;
				LOCALIZATION_PREFERS_STRING_CATALOGS = YES;
				MTL_ENABLE_DEBUG_INFO = INCLUDE_SOURCE;
				MTL_FAST_MATH = YES;
				ONLY_ACTIVE_ARCH = YES;
				SDKROOT = iphoneos;
				SWIFT_ACTIVE_COMPILATION_CONDITIONS = "DEBUG $(inherited)";
				SWIFT_OPTIMIZATION_LEVEL = "-Onone";
			};
			name = Debug;
		};
		2BCAB2CF2F2FE81C00F3804C /* Release */ = {
			isa = XCBuildConfiguration;
			buildSettings = {
				ALWAYS_SEARCH_USER_PATHS = NO;
				ASSETCATALOG_COMPILER_GENERATE_SWIFT_ASSET_SYMBOL_EXTENSIONS = YES;
				CLANG_ANALYZER_NONNULL = YES;
				CLANG_ANALYZER_NUMBER_OBJECT_CONVERSION = YES_AGGRESSIVE;
				CLANG_CXX_LANGUAGE_STANDARD = "gnu++20";
				CLANG_ENABLE_MODULES = YES;
				CLANG_ENABLE_OBJC_ARC = YES;
				CLANG_ENABLE_OBJC_WEAK = YES;
				CLANG_WARN_BLOCK_CAPTURE_AUTORELEASING = YES;
				CLANG_WARN_BOOL_CONVERSION = YES;
				CLANG_WARN_COMMA = YES;
				CLANG_WARN_CONSTANT_CONVERSION = YES;
				CLANG_WARN_DEPRECATED_OBJC_IMPLEMENTATIONS = YES;
				CLANG_WARN_DIRECT_OBJC_ISA_USAGE = YES_ERROR;
				CLANG_WARN_DOCUMENTATION_COMMENTS = YES;
				CLANG_WARN_EMPTY_BODY = YES;
				CLANG_WARN_ENUM_CONVERSION = YES;
				CLANG_WARN_INFINITE_RECURSION = YES;
				CLANG_WARN_INT_CONVERSION = YES;
				CLANG_WARN_NON_LITERAL_NULL_CONVERSION = YES;
				CLANG_WARN_OBJC_IMPLICIT_RETAIN_SELF = YES;
				CLANG_WARN_OBJC_LITERAL_CONVERSION = YES;
				CLANG_WARN_OBJC_ROOT_CLASS = YES_ERROR;
				CLANG_WARN_QUOTED_INCLUDE_IN_FRAMEWORK_HEADER = YES;
				CLANG_WARN_RANGE_LOOP_ANALYSIS = YES;
				CLANG_WARN_STRICT_PROTOTYPES = YES;
				CLANG_WARN_SUSPICIOUS_MOVE = YES;
				CLANG_WARN_UNGUARDED_AVAILABILITY = YES_AGGRESSIVE;
				CLANG_WARN_UNREACHABLE_CODE = YES;
				CLANG_WARN__DUPLICATE_METHOD_MATCH = YES;
				COPY_PHASE_STRIP = NO;
				DEBUG_INFORMATION_FORMAT = "dwarf-with-dsym";
				DEVELOPMENT_TEAM = CPE62329FB;
				ENABLE_NS_ASSERTIONS = NO;
				ENABLE_STRICT_OBJC_MSGSEND = YES;
				ENABLE_USER_SCRIPT_SANDBOXING = YES;
				GCC_C_LANGUAGE_STANDARD = gnu17;
				GCC_NO_COMMON_BLOCKS = YES;
				GCC_WARN_64_TO_32_BIT_CONVERSION = YES;
				GCC_WARN_ABOUT_RETURN_TYPE = YES_ERROR;
				GCC_WARN_UNDECLARED_SELECTOR = YES;
				GCC_WARN_UNINITIALIZED_AUTOS = YES_AGGRESSIVE;
				GCC_WARN_UNUSED_FUNCTION = YES;
				GCC_WARN_UNUSED_VARIABLE = YES;
				IPHONEOS_DEPLOYMENT_TARGET = 26.2;
				LOCALIZATION_PREFERS_STRING_CATALOGS = YES;
				MTL_ENABLE_DEBUG_INFO = NO;
				MTL_FAST_MATH = YES;
				SDKROOT = iphoneos;
				SWIFT_COMPILATION_MODE = wholemodule;
				VALIDATE_PRODUCT = YES;
			};
			name = Release;
		};
		2BCAB2D12F2FE81C00F3804C /* Debug */ = {
			isa = XCBuildConfiguration;
			buildSettings = {
				BUNDLE_LOADER = "$(TEST_HOST)";
				CODE_SIGN_STYLE = Automatic;
				CURRENT_PROJECT_VERSION = 1;
				DEVELOPMENT_TEAM = CPE62329FB;
				GENERATE_INFOPLIST_FILE = YES;
				IPHONEOS_DEPLOYMENT_TARGET = 26.2;
				MARKETING_VERSION = 1.0;
				PRODUCT_BUNDLE_IDENTIFIER = com.pepaslabs.FavorUIKitTests;
				PRODUCT_NAME = "$(TARGET_NAME)";
				STRING_CATALOG_GENERATE_SYMBOLS = NO;
				SWIFT_APPROACHABLE_CONCURRENCY = YES;
				SWIFT_EMIT_LOC_STRINGS = NO;
				SWIFT_UPCOMING_FEATURE_MEMBER_IMPORT_VISIBILITY = YES;
				SWIFT_VERSION = 5.0;
				TARGETED_DEVICE_FAMILY = "1,2";
				TEST_HOST = "$(BUILT_PRODUCTS_DIR)/FavorUIKit.app/$(BUNDLE_EXECUTABLE_FOLDER_PATH)/FavorUIKit";
			};
			name = Debug;
		};
		2BCAB2D22F2FE81C00F3804C /* Release */ = {
			isa = XCBuildConfiguration;
			buildSettings = {
				BUNDLE_LOADER = "$(TEST_HOST)";
				CODE_SIGN_STYLE = Automatic;
				CURRENT_PROJECT_VERSION = 1;
				DEVELOPMENT_TEAM = CPE62329FB;
				GENERATE_INFOPLIST_FILE = YES;
				IPHONEOS_DEPLOYMENT_TARGET = 26.2;
				MARKETING_VERSION = 1.0;
				PRODUCT_BUNDLE_IDENTIFIER = com.pepaslabs.FavorUIKitTests;
				PRODUCT_NAME = "$(TARGET_NAME)";
				STRING_CATALOG_GENERATE_SYMBOLS = NO;
				SWIFT_APPROACHABLE_CONCURRENCY = YES;
				SWIFT_EMIT_LOC_STRINGS = NO;
				SWIFT_UPCOMING_FEATURE_MEMBER_IMPORT_VISIBILITY = YES;
				SWIFT_VERSION = 5.0;
				TARGETED_DEVICE_FAMILY = "1,2";
				TEST_HOST = "$(BUILT_PRODUCTS_DIR)/FavorUIKit.app/$(BUNDLE_EXECUTABLE_FOLDER_PATH)/FavorUIKit";
			};
			name = Release;
		};
		2BCAB2D42F2FE81C00F3804C /* Debug */ = {
			isa = XCBuildConfiguration;
			buildSettings = {
				CODE_SIGN_STYLE = Automatic;
				CURRENT_PROJECT_VERSION = 1;
				DEVELOPMENT_TEAM = CPE62329FB;
				GENERATE_INFOPLIST_FILE = YES;
				MARKETING_VERSION = 1.0;
				PRODUCT_BUNDLE_IDENTIFIER = com.pepaslabs.FavorUIKitUITests;
				PRODUCT_NAME = "$(TARGET_NAME)";
				STRING_CATALOG_GENERATE_SYMBOLS = NO;
				SWIFT_APPROACHABLE_CONCURRENCY = YES;
				SWIFT_EMIT_LOC_STRINGS = NO;
				SWIFT_UPCOMING_FEATURE_MEMBER_IMPORT_VISIBILITY = YES;
				SWIFT_VERSION = 5.0;
				TARGETED_DEVICE_FAMILY = "1,2";
				TEST_TARGET_NAME = FavorUIKit;
			};
			name = Debug;
		};
		2BCAB2D52F2FE81C00F3804C /* Release */ = {
			isa = XCBuildConfiguration;
			buildSettings = {
				CODE_SIGN_STYLE = Automatic;
				CURRENT_PROJECT_VERSION = 1;
				DEVELOPMENT_TEAM = CPE62329FB;
				GENERATE_INFOPLIST_FILE = YES;
				MARKETING_VERSION = 1.0;
				PRODUCT_BUNDLE_IDENTIFIER = com.pepaslabs.FavorUIKitUITests;
				PRODUCT_NAME = "$(TARGET_NAME)";
				STRING_CATALOG_GENERATE_SYMBOLS = NO;
				SWIFT_APPROACHABLE_CONCURRENCY = YES;
				SWIFT_EMIT_LOC_STRINGS = NO;
				SWIFT_UPCOMING_FEATURE_MEMBER_IMPORT_VISIBILITY = YES;
				SWIFT_VERSION = 5.0;
				TARGETED_DEVICE_FAMILY = "1,2";
				TEST_TARGET_NAME = FavorUIKit;
			};
			name = Release;
		};
/* End XCBuildConfiguration section */

/* Begin XCConfigurationList section */
		2BCAB29D2F2FE81900F3804C /* Build configuration list for PBXProject "FavorUIKit" */ = {
			isa = XCConfigurationList;
			buildConfigurations = (
				2BCAB2CE2F2FE81C00F3804C /* Debug */,
				2BCAB2CF2F2FE81C00F3804C /* Release */,
			);
			defaultConfigurationIsVisible = 0;
			defaultConfigurationName = Release;
		};
		2BCAB2CB2F2FE81C00F3804C /* Build configuration list for PBXNativeTarget "FavorUIKit" */ = {
			isa = XCConfigurationList;
			buildConfigurations = (
				2BCAB2CC2F2FE81C00F3804C /* Debug */,
				2BCAB2CD2F2FE81C00F3804C /* Release */,
			);
			defaultConfigurationIsVisible = 0;
			defaultConfigurationName = Release;
		};
		2BCAB2D02F2FE81C00F3804C /* Build configuration list for PBXNativeTarget "FavorUIKitTests" */ = {
			isa = XCConfigurationList;
			buildConfigurations = (
				2BCAB2D12F2FE81C00F3804C /* Debug */,
				2BCAB2D22F2FE81C00F3804C /* Release */,
			);
			defaultConfigurationIsVisible = 0;
			defaultConfigurationName = Release;
		};
		2BCAB2D32F2FE81C00F3804C /* Build configuration list for PBXNativeTarget "FavorUIKitUITests" */ = {
			isa = XCConfigurationList;
			buildConfigurations = (
				2BCAB2D42F2FE81C00F3804C /* Debug */,
				2BCAB2D52F2FE81C00F3804C /* Release */,
			);
			defaultConfigurationIsVisible = 0;
			defaultConfigurationName = Release;
		};
/* End XCConfigurationList section */

/* Begin XCRemoteSwiftPackageReference section */
		2B2618082F3011AC00A302F8 /* XCRemoteSwiftPackageReference "Kingfisher" */ = {
			isa = XCRemoteSwiftPackageReference;
			repositoryURL = "https://github.com/onevcat/Kingfisher.git";
			requirement = {
				kind = upToNextMajorVersion;
				minimumVersion = 8.6.2;
			};
		};
/* End XCRemoteSwiftPackageReference section */

/* Begin XCSwiftPackageProductDependency section */
		2B26180A2F3011BA00A302F8 /* Kingfisher */ = {
			isa = XCSwiftPackageProductDependency;
			package = 2B2618082F3011AC00A302F8 /* XCRemoteSwiftPackageReference "Kingfisher" */;
			productName = Kingfisher;
		};
/* End XCSwiftPackageProductDependency section */
	};
	rootObject = 2BCAB29A2F2FE81900F3804C /* Project object */;
}
